// !$*UTF8*$!
{
	archiveVersion = 1;
	classes = {
	};
	objectVersion = 56;
	objects = {

/* Begin PBXBuildFile section */
		A1F7498829DD91D500DE9A83 /* AppDelegate.swift in Sources */ = {isa = PBXBuildFile; fileRef = A1F7498729DD91D500DE9A83 /* AppDelegate.swift */; };
		A1F7498A29DD91D500DE9A83 /* SceneDelegate.swift in Sources */ = {isa = PBXBuildFile; fileRef = A1F7498929DD91D500DE9A83 /* SceneDelegate.swift */; };
		A1F7498C29DD91D500DE9A83 /* TabBarViewController.swift in Sources */ = {isa = PBXBuildFile; fileRef = A1F7498B29DD91D500DE9A83 /* TabBarViewController.swift */; };
		A1F7499129DD91D600DE9A83 /* Assets.xcassets in Resources */ = {isa = PBXBuildFile; fileRef = A1F7499029DD91D600DE9A83 /* Assets.xcassets */; };
		A1F7499429DD91D600DE9A83 /* LaunchScreen.storyboard in Resources */ = {isa = PBXBuildFile; fileRef = A1F7499229DD91D600DE9A83 /* LaunchScreen.storyboard */; };
		A1F749A429DD939800DE9A83 /* UIColorExtension.swift in Sources */ = {isa = PBXBuildFile; fileRef = A1F749A329DD939800DE9A83 /* UIColorExtension.swift */; };
		A1F749A629DD93BD00DE9A83 /* ServiceConstants.swift in Sources */ = {isa = PBXBuildFile; fileRef = A1F749A529DD93BD00DE9A83 /* ServiceConstants.swift */; };
		A1F749AA29DD93EF00DE9A83 /* NetworkManager.swift in Sources */ = {isa = PBXBuildFile; fileRef = A1F749A929DD93EF00DE9A83 /* NetworkManager.swift */; };
		A1F749AC29DD940600DE9A83 /* Requestable.swift in Sources */ = {isa = PBXBuildFile; fileRef = A1F749AB29DD940600DE9A83 /* Requestable.swift */; };
		A1F749AF29DD943800DE9A83 /* TaskRequest.swift in Sources */ = {isa = PBXBuildFile; fileRef = A1F749AE29DD943800DE9A83 /* TaskRequest.swift */; };
		A1F749B129DD945200DE9A83 /* HTTPMethod.swift in Sources */ = {isa = PBXBuildFile; fileRef = A1F749B029DD945200DE9A83 /* HTTPMethod.swift */; };
		A1F749B529DD948A00DE9A83 /* RealmManager.swift in Sources */ = {isa = PBXBuildFile; fileRef = A1F749B429DD948A00DE9A83 /* RealmManager.swift */; };
		A1F749B729DD94A700DE9A83 /* Oauth.swift in Sources */ = {isa = PBXBuildFile; fileRef = A1F749B629DD94A700DE9A83 /* Oauth.swift */; };
		A1F749B929DD94B100DE9A83 /* Task.swift in Sources */ = {isa = PBXBuildFile; fileRef = A1F749B829DD94B100DE9A83 /* Task.swift */; };
		A1F749BB29DD94B900DE9A83 /* TaskRealm.swift in Sources */ = {isa = PBXBuildFile; fileRef = A1F749BA29DD94B900DE9A83 /* TaskRealm.swift */; };
		A1F749BD29DD94F800DE9A83 /* TaskListViewController.swift in Sources */ = {isa = PBXBuildFile; fileRef = A1F749BC29DD94F800DE9A83 /* TaskListViewController.swift */; };
		A1F749BF29DD950400DE9A83 /* SearchListViewController.swift in Sources */ = {isa = PBXBuildFile; fileRef = A1F749BE29DD950400DE9A83 /* SearchListViewController.swift */; };
		A1F749C129DD951000DE9A83 /* QRScanViewController.swift in Sources */ = {isa = PBXBuildFile; fileRef = A1F749C029DD951000DE9A83 /* QRScanViewController.swift */; };
		A1F749C429DD954000DE9A83 /* TaskListTableViewCell.swift in Sources */ = {isa = PBXBuildFile; fileRef = A1F749C329DD954000DE9A83 /* TaskListTableViewCell.swift */; };
		A1F749C629DD963E00DE9A83 /* HomeViewModel.swift in Sources */ = {isa = PBXBuildFile; fileRef = A1F749C529DD963E00DE9A83 /* HomeViewModel.swift */; };
		A1F749F229DD9D4700DE9A83 /* Realm in Frameworks */ = {isa = PBXBuildFile; productRef = A1F749F129DD9D4700DE9A83 /* Realm */; };
		A1F749F429DD9D4700DE9A83 /* RealmSwift in Frameworks */ = {isa = PBXBuildFile; productRef = A1F749F329DD9D4700DE9A83 /* RealmSwift */; };
/* End PBXBuildFile section */

/* Begin PBXFileReference section */
		A1F7498429DD91D500DE9A83 /* TasksApp.app */ = {isa = PBXFileReference; explicitFileType = wrapper.application; includeInIndex = 0; path = TasksApp.app; sourceTree = BUILT_PRODUCTS_DIR; };
		A1F7498729DD91D500DE9A83 /* AppDelegate.swift */ = {isa = PBXFileReference; lastKnownFileType = sourcecode.swift; path = AppDelegate.swift; sourceTree = "<group>"; };
		A1F7498929DD91D500DE9A83 /* SceneDelegate.swift */ = {isa = PBXFileReference; lastKnownFileType = sourcecode.swift; path = SceneDelegate.swift; sourceTree = "<group>"; };
		A1F7498B29DD91D500DE9A83 /* TabBarViewController.swift */ = {isa = PBXFileReference; lastKnownFileType = sourcecode.swift; path = TabBarViewController.swift; sourceTree = "<group>"; };
		A1F7499029DD91D600DE9A83 /* Assets.xcassets */ = {isa = PBXFileReference; lastKnownFileType = folder.assetcatalog; path = Assets.xcassets; sourceTree = "<group>"; };
		A1F7499329DD91D600DE9A83 /* Base */ = {isa = PBXFileReference; lastKnownFileType = file.storyboard; name = Base; path = Base.lproj/LaunchScreen.storyboard; sourceTree = "<group>"; };
		A1F7499529DD91D600DE9A83 /* Info.plist */ = {isa = PBXFileReference; lastKnownFileType = text.plist.xml; path = Info.plist; sourceTree = "<group>"; };
		A1F749A329DD939800DE9A83 /* UIColorExtension.swift */ = {isa = PBXFileReference; lastKnownFileType = sourcecode.swift; path = UIColorExtension.swift; sourceTree = "<group>"; };
		A1F749A529DD93BD00DE9A83 /* ServiceConstants.swift */ = {isa = PBXFileReference; lastKnownFileType = sourcecode.swift; path = ServiceConstants.swift; sourceTree = "<group>"; };
		A1F749A929DD93EF00DE9A83 /* NetworkManager.swift */ = {isa = PBXFileReference; lastKnownFileType = sourcecode.swift; path = NetworkManager.swift; sourceTree = "<group>"; };
		A1F749AB29DD940600DE9A83 /* Requestable.swift */ = {isa = PBXFileReference; lastKnownFileType = sourcecode.swift; path = Requestable.swift; sourceTree = "<group>"; };
		A1F749AE29DD943800DE9A83 /* TaskRequest.swift */ = {isa = PBXFileReference; lastKnownFileType = sourcecode.swift; path = TaskRequest.swift; sourceTree = "<group>"; };
		A1F749B029DD945200DE9A83 /* HTTPMethod.swift */ = {isa = PBXFileReference; lastKnownFileType = sourcecode.swift; path = HTTPMethod.swift; sourceTree = "<group>"; };
		A1F749B429DD948A00DE9A83 /* RealmManager.swift */ = {isa = PBXFileReference; lastKnownFileType = sourcecode.swift; path = RealmManager.swift; sourceTree = "<group>"; };
		A1F749B629DD94A700DE9A83 /* Oauth.swift */ = {isa = PBXFileReference; lastKnownFileType = sourcecode.swift; path = Oauth.swift; sourceTree = "<group>"; };
		A1F749B829DD94B100DE9A83 /* Task.swift */ = {isa = PBXFileReference; lastKnownFileType = sourcecode.swift; path = Task.swift; sourceTree = "<group>"; };
		A1F749BA29DD94B900DE9A83 /* TaskRealm.swift */ = {isa = PBXFileReference; lastKnownFileType = sourcecode.swift; path = TaskRealm.swift; sourceTree = "<group>"; };
		A1F749BC29DD94F800DE9A83 /* TaskListViewController.swift */ = {isa = PBXFileReference; lastKnownFileType = sourcecode.swift; path = TaskListViewController.swift; sourceTree = "<group>"; };
		A1F749BE29DD950400DE9A83 /* SearchListViewController.swift */ = {isa = PBXFileReference; lastKnownFileType = sourcecode.swift; path = SearchListViewController.swift; sourceTree = "<group>"; };
		A1F749C029DD951000DE9A83 /* QRScanViewController.swift */ = {isa = PBXFileReference; lastKnownFileType = sourcecode.swift; path = QRScanViewController.swift; sourceTree = "<group>"; };
		A1F749C329DD954000DE9A83 /* TaskListTableViewCell.swift */ = {isa = PBXFileReference; lastKnownFileType = sourcecode.swift; path = TaskListTableViewCell.swift; sourceTree = "<group>"; };
		A1F749C529DD963E00DE9A83 /* HomeViewModel.swift */ = {isa = PBXFileReference; lastKnownFileType = sourcecode.swift; path = HomeViewModel.swift; sourceTree = "<group>"; };
/* End PBXFileReference section */

/* Begin PBXFrameworksBuildPhase section */
		A1F7498129DD91D500DE9A83 /* Frameworks */ = {
			isa = PBXFrameworksBuildPhase;
			buildActionMask = 2147483647;
			files = (
				A1F749F429DD9D4700DE9A83 /* RealmSwift in Frameworks */,
				A1F749F229DD9D4700DE9A83 /* Realm in Frameworks */,
			);
			runOnlyForDeploymentPostprocessing = 0;
		};
/* End PBXFrameworksBuildPhase section */

/* Begin PBXGroup section */
		A1F7497B29DD91D500DE9A83 = {
			isa = PBXGroup;
			children = (
				A1F7498629DD91D500DE9A83 /* TasksApp */,
				A1F7498529DD91D500DE9A83 /* Products */,
			);
			sourceTree = "<group>";
		};
		A1F7498529DD91D500DE9A83 /* Products */ = {
			isa = PBXGroup;
			children = (
				A1F7498429DD91D500DE9A83 /* TasksApp.app */,
			);
			name = Products;
			sourceTree = "<group>";
		};
		A1F7498629DD91D500DE9A83 /* TasksApp */ = {
			isa = PBXGroup;
			children = (
				A1F7499B29DD924F00DE9A83 /* Core */,
				A1F7499F29DD926100DE9A83 /* Utils */,
				A1F7499E29DD926000DE9A83 /* Services */,
				A1F7499D29DD925D00DE9A83 /* Models */,
				A1F7499C29DD925C00DE9A83 /* ViewModels */,
				A1F749A029DD929900DE9A83 /* Views */,
				A1F7499029DD91D600DE9A83 /* Assets.xcassets */,
				A1F7499229DD91D600DE9A83 /* LaunchScreen.storyboard */,
				A1F7499529DD91D600DE9A83 /* Info.plist */,
			);
			path = TasksApp;
			sourceTree = "<group>";
		};
		A1F7499B29DD924F00DE9A83 /* Core */ = {
			isa = PBXGroup;
			children = (
				A1F7498729DD91D500DE9A83 /* AppDelegate.swift */,
				A1F7498929DD91D500DE9A83 /* SceneDelegate.swift */,
			);
			path = Core;
			sourceTree = "<group>";
		};
		A1F7499C29DD925C00DE9A83 /* ViewModels */ = {
			isa = PBXGroup;
			children = (
				A1F749C529DD963E00DE9A83 /* HomeViewModel.swift */,
			);
			path = ViewModels;
			sourceTree = "<group>";
		};
		A1F7499D29DD925D00DE9A83 /* Models */ = {
			isa = PBXGroup;
			children = (
				A1F749B629DD94A700DE9A83 /* Oauth.swift */,
				A1F749B829DD94B100DE9A83 /* Task.swift */,
				A1F749BA29DD94B900DE9A83 /* TaskRealm.swift */,
			);
			path = Models;
			sourceTree = "<group>";
		};
		A1F7499E29DD926000DE9A83 /* Services */ = {
			isa = PBXGroup;
			children = (
				A1F749A729DD93D500DE9A83 /* Network */,
				A1F749B329DD947800DE9A83 /* Realm */,
			);
			path = Services;
			sourceTree = "<group>";
		};
		A1F7499F29DD926100DE9A83 /* Utils */ = {
			isa = PBXGroup;
			children = (
				A1F749A129DD92A400DE9A83 /* Extensions */,
				A1F749A229DD92AC00DE9A83 /* Constants */,
			);
			path = Utils;
			sourceTree = "<group>";
		};
		A1F749A029DD929900DE9A83 /* Views */ = {
			isa = PBXGroup;
			children = (
				A1F7498B29DD91D500DE9A83 /* TabBarViewController.swift */,
				A1F749BC29DD94F800DE9A83 /* TaskListViewController.swift */,
				A1F749BE29DD950400DE9A83 /* SearchListViewController.swift */,
				A1F749C029DD951000DE9A83 /* QRScanViewController.swift */,
				A1F749C229DD951600DE9A83 /* Cells */,
			);
			path = Views;
			sourceTree = "<group>";
		};
		A1F749A129DD92A400DE9A83 /* Extensions */ = {
			isa = PBXGroup;
			children = (
				A1F749A329DD939800DE9A83 /* UIColorExtension.swift */,
			);
			path = Extensions;
			sourceTree = "<group>";
		};
		A1F749A229DD92AC00DE9A83 /* Constants */ = {
			isa = PBXGroup;
			children = (
				A1F749A529DD93BD00DE9A83 /* ServiceConstants.swift */,
			);
			path = Constants;
			sourceTree = "<group>";
		};
		A1F749A729DD93D500DE9A83 /* Network */ = {
			isa = PBXGroup;
			children = (
				A1F749A829DD93DB00DE9A83 /* Core */,
				A1F749AD29DD942200DE9A83 /* Service */,
			);
			path = Network;
			sourceTree = "<group>";
		};
		A1F749A829DD93DB00DE9A83 /* Core */ = {
			isa = PBXGroup;
			children = (
				A1F749A929DD93EF00DE9A83 /* NetworkManager.swift */,
				A1F749AB29DD940600DE9A83 /* Requestable.swift */,
			);
			path = Core;
			sourceTree = "<group>";
		};
		A1F749AD29DD942200DE9A83 /* Service */ = {
			isa = PBXGroup;
			children = (
				A1F749AE29DD943800DE9A83 /* TaskRequest.swift */,
				A1F749B029DD945200DE9A83 /* HTTPMethod.swift */,
			);
			path = Service;
			sourceTree = "<group>";
		};
		A1F749B329DD947800DE9A83 /* Realm */ = {
			isa = PBXGroup;
			children = (
				A1F749B429DD948A00DE9A83 /* RealmManager.swift */,
			);
			path = Realm;
			sourceTree = "<group>";
		};
		A1F749C229DD951600DE9A83 /* Cells */ = {
			isa = PBXGroup;
			children = (
				A1F749C329DD954000DE9A83 /* TaskListTableViewCell.swift */,
			);
			path = Cells;
			sourceTree = "<group>";
		};
/* End PBXGroup section */

/* Begin PBXNativeTarget section */
		A1F7498329DD91D500DE9A83 /* TasksApp */ = {
			isa = PBXNativeTarget;
			buildConfigurationList = A1F7499829DD91D600DE9A83 /* Build configuration list for PBXNativeTarget "TasksApp" */;
			buildPhases = (
				A1F7498029DD91D500DE9A83 /* Sources */,
				A1F7498129DD91D500DE9A83 /* Frameworks */,
				A1F7498229DD91D500DE9A83 /* Resources */,
			);
			buildRules = (
			);
			dependencies = (
			);
			name = TasksApp;
			packageProductDependencies = (
				A1F749F129DD9D4700DE9A83 /* Realm */,
				A1F749F329DD9D4700DE9A83 /* RealmSwift */,
			);
			productName = TasksApp;
			productReference = A1F7498429DD91D500DE9A83 /* TasksApp.app */;
			productType = "com.apple.product-type.application";
		};
/* End PBXNativeTarget section */

/* Begin PBXProject section */
		A1F7497C29DD91D500DE9A83 /* Project object */ = {
			isa = PBXProject;
			attributes = {
				BuildIndependentTargetsInParallel = 1;
				LastSwiftUpdateCheck = 1420;
				LastUpgradeCheck = 1420;
				TargetAttributes = {
					A1F7498329DD91D500DE9A83 = {
						CreatedOnToolsVersion = 14.2;
					};
				};
			};
			buildConfigurationList = A1F7497F29DD91D500DE9A83 /* Build configuration list for PBXProject "TasksApp" */;
			compatibilityVersion = "Xcode 14.0";
			developmentRegion = en;
			hasScannedForEncodings = 0;
			knownRegions = (
				en,
				Base,
			);
			mainGroup = A1F7497B29DD91D500DE9A83;
			packageReferences = (
				A1F749F029DD9D4700DE9A83 /* XCRemoteSwiftPackageReference "realm-swift" */,
			);
			productRefGroup = A1F7498529DD91D500DE9A83 /* Products */;
			projectDirPath = "";
			projectRoot = "";
			targets = (
				A1F7498329DD91D500DE9A83 /* TasksApp */,
			);
		};
/* End PBXProject section */

/* Begin PBXResourcesBuildPhase section */
		A1F7498229DD91D500DE9A83 /* Resources */ = {
			isa = PBXResourcesBuildPhase;
			buildActionMask = 2147483647;
			files = (
				A1F7499429DD91D600DE9A83 /* LaunchScreen.storyboard in Resources */,
				A1F7499129DD91D600DE9A83 /* Assets.xcassets in Resources */,
			);
			runOnlyForDeploymentPostprocessing = 0;
		};
/* End PBXResourcesBuildPhase section */

/* Begin PBXSourcesBuildPhase section */
		A1F7498029DD91D500DE9A83 /* Sources */ = {
			isa = PBXSourcesBuildPhase;
			buildActionMask = 2147483647;
			files = (
				A1F749AF29DD943800DE9A83 /* TaskRequest.swift in Sources */,
				A1F749C629DD963E00DE9A83 /* HomeViewModel.swift in Sources */,
				A1F749AA29DD93EF00DE9A83 /* NetworkManager.swift in Sources */,
				A1F749BB29DD94B900DE9A83 /* TaskRealm.swift in Sources */,
				A1F749AC29DD940600DE9A83 /* Requestable.swift in Sources */,
				A1F7498C29DD91D500DE9A83 /* TabBarViewController.swift in Sources */,
				A1F749B929DD94B100DE9A83 /* Task.swift in Sources */,
				A1F749A429DD939800DE9A83 /* UIColorExtension.swift in Sources */,
				A1F749C429DD954000DE9A83 /* TaskListTableViewCell.swift in Sources */,
				A1F749BF29DD950400DE9A83 /* SearchListViewController.swift in Sources */,
				A1F749BD29DD94F800DE9A83 /* TaskListViewController.swift in Sources */,
				A1F749B129DD945200DE9A83 /* HTTPMethod.swift in Sources */,
				A1F7498829DD91D500DE9A83 /* AppDelegate.swift in Sources */,
				A1F749B529DD948A00DE9A83 /* RealmManager.swift in Sources */,
				A1F749C129DD951000DE9A83 /* QRScanViewController.swift in Sources */,
				A1F749A629DD93BD00DE9A83 /* ServiceConstants.swift in Sources */,
				A1F749B729DD94A700DE9A83 /* Oauth.swift in Sources */,
				A1F7498A29DD91D500DE9A83 /* SceneDelegate.swift in Sources */,
			);
			runOnlyForDeploymentPostprocessing = 0;
		};
/* End PBXSourcesBuildPhase section */

/* Begin PBXVariantGroup section */
		A1F7499229DD91D600DE9A83 /* LaunchScreen.storyboard */ = {
			isa = PBXVariantGroup;
			children = (
				A1F7499329DD91D600DE9A83 /* Base */,
			);
			name = LaunchScreen.storyboard;
			sourceTree = "<group>";
		};
/* End PBXVariantGroup section */

/* Begin XCBuildConfiguration section */
		A1F7499629DD91D600DE9A83 /* Debug */ = {
			isa = XCBuildConfiguration;
			buildSettings = {
				ALWAYS_SEARCH_USER_PATHS = NO;
				CLANG_ANALYZER_NONNULL = YES;
				CLANG_ANALYZER_NUMBER_OBJECT_CONVERSION = YES_AGGRESSIVE;
				CLANG_CXX_LANGUAGE_STANDARD = "gnu++20";
				CLANG_ENABLE_MODULES = YES;
				CLANG_ENABLE_OBJC_ARC = YES;
				CLANG_ENABLE_OBJC_WEAK = YES;
				CLANG_WARN_BLOCK_CAPTURE_AUTORELEASING = YES;
				CLANG_WARN_BOOL_CONVERSION = YES;
				CLANG_WARN_COMMA = YES;
				CLANG_WARN_CONSTANT_CONVERSION = YES;
				CLANG_WARN_DEPRECATED_OBJC_IMPLEMENTATIONS = YES;
				CLANG_WARN_DIRECT_OBJC_ISA_USAGE = YES_ERROR;
				CLANG_WARN_DOCUMENTATION_COMMENTS = YES;
				CLANG_WARN_EMPTY_BODY = YES;
				CLANG_WARN_ENUM_CONVERSION = YES;
				CLANG_WARN_INFINITE_RECURSION = YES;
				CLANG_WARN_INT_CONVERSION = YES;
				CLANG_WARN_NON_LITERAL_NULL_CONVERSION = YES;
				CLANG_WARN_OBJC_IMPLICIT_RETAIN_SELF = YES;
				CLANG_WARN_OBJC_LITERAL_CONVERSION = YES;
				CLANG_WARN_OBJC_ROOT_CLASS = YES_ERROR;
				CLANG_WARN_QUOTED_INCLUDE_IN_FRAMEWORK_HEADER = YES;
				CLANG_WARN_RANGE_LOOP_ANALYSIS = YES;
				CLANG_WARN_STRICT_PROTOTYPES = YES;
				CLANG_WARN_SUSPICIOUS_MOVE = YES;
				CLANG_WARN_UNGUARDED_AVAILABILITY = YES_AGGRESSIVE;
				CLANG_WARN_UNREACHABLE_CODE = YES;
				CLANG_WARN__DUPLICATE_METHOD_MATCH = YES;
				COPY_PHASE_STRIP = NO;
				DEBUG_INFORMATION_FORMAT = dwarf;
				ENABLE_STRICT_OBJC_MSGSEND = YES;
				ENABLE_TESTABILITY = YES;
				GCC_C_LANGUAGE_STANDARD = gnu11;
				GCC_DYNAMIC_NO_PIC = NO;
				GCC_NO_COMMON_BLOCKS = YES;
				GCC_OPTIMIZATION_LEVEL = 0;
				GCC_PREPROCESSOR_DEFINITIONS = (
					"DEBUG=1",
					"$(inherited)",
				);
				GCC_WARN_64_TO_32_BIT_CONVERSION = YES;
				GCC_WARN_ABOUT_RETURN_TYPE = YES_ERROR;
				GCC_WARN_UNDECLARED_SELECTOR = YES;
				GCC_WARN_UNINITIALIZED_AUTOS = YES_AGGRESSIVE;
				GCC_WARN_UNUSED_FUNCTION = YES;
				GCC_WARN_UNUSED_VARIABLE = YES;
				IPHONEOS_DEPLOYMENT_TARGET = 16.2;
				MTL_ENABLE_DEBUG_INFO = INCLUDE_SOURCE;
				MTL_FAST_MATH = YES;
				ONLY_ACTIVE_ARCH = YES;
				SDKROOT = iphoneos;
				SWIFT_ACTIVE_COMPILATION_CONDITIONS = DEBUG;
				SWIFT_OPTIMIZATION_LEVEL = "-Onone";
			};
			name = Debug;
		};
		A1F7499729DD91D600DE9A83 /* Release */ = {
			isa = XCBuildConfiguration;
			buildSettings = {
				ALWAYS_SEARCH_USER_PATHS = NO;
				CLANG_ANALYZER_NONNULL = YES;
				CLANG_ANALYZER_NUMBER_OBJECT_CONVERSION = YES_AGGRESSIVE;
				CLANG_CXX_LANGUAGE_STANDARD = "gnu++20";
				CLANG_ENABLE_MODULES = YES;
				CLANG_ENABLE_OBJC_ARC = YES;
				CLANG_ENABLE_OBJC_WEAK = YES;
				CLANG_WARN_BLOCK_CAPTURE_AUTORELEASING = YES;
				CLANG_WARN_BOOL_CONVERSION = YES;
				CLANG_WARN_COMMA = YES;
				CLANG_WARN_CONSTANT_CONVERSION = YES;
				CLANG_WARN_DEPRECATED_OBJC_IMPLEMENTATIONS = YES;
				CLANG_WARN_DIRECT_OBJC_ISA_USAGE = YES_ERROR;
				CLANG_WARN_DOCUMENTATION_COMMENTS = YES;
				CLANG_WARN_EMPTY_BODY = YES;
				CLANG_WARN_ENUM_CONVERSION = YES;
				CLANG_WARN_INFINITE_RECURSION = YES;
				CLANG_WARN_INT_CONVERSION = YES;
				CLANG_WARN_NON_LITERAL_NULL_CONVERSION = YES;
				CLANG_WARN_OBJC_IMPLICIT_RETAIN_SELF = YES;
				CLANG_WARN_OBJC_LITERAL_CONVERSION = YES;
				CLANG_WARN_OBJC_ROOT_CLASS = YES_ERROR;
				CLANG_WARN_QUOTED_INCLUDE_IN_FRAMEWORK_HEADER = YES;
				CLANG_WARN_RANGE_LOOP_ANALYSIS = YES;
				CLANG_WARN_STRICT_PROTOTYPES = YES;
				CLANG_WARN_SUSPICIOUS_MOVE = YES;
				CLANG_WARN_UNGUARDED_AVAILABILITY = YES_AGGRESSIVE;
				CLANG_WARN_UNREACHABLE_CODE = YES;
				CLANG_WARN__DUPLICATE_METHOD_MATCH = YES;
				COPY_PHASE_STRIP = NO;
				DEBUG_INFORMATION_FORMAT = "dwarf-with-dsym";
				ENABLE_NS_ASSERTIONS = NO;
				ENABLE_STRICT_OBJC_MSGSEND = YES;
				GCC_C_LANGUAGE_STANDARD = gnu11;
				GCC_NO_COMMON_BLOCKS = YES;
				GCC_WARN_64_TO_32_BIT_CONVERSION = YES;
				GCC_WARN_ABOUT_RETURN_TYPE = YES_ERROR;
				GCC_WARN_UNDECLARED_SELECTOR = YES;
				GCC_WARN_UNINITIALIZED_AUTOS = YES_AGGRESSIVE;
				GCC_WARN_UNUSED_FUNCTION = YES;
				GCC_WARN_UNUSED_VARIABLE = YES;
				IPHONEOS_DEPLOYMENT_TARGET = 16.2;
				MTL_ENABLE_DEBUG_INFO = NO;
				MTL_FAST_MATH = YES;
				SDKROOT = iphoneos;
				SWIFT_COMPILATION_MODE = wholemodule;
				SWIFT_OPTIMIZATION_LEVEL = "-O";
				VALIDATE_PRODUCT = YES;
			};
			name = Release;
		};
		A1F7499929DD91D600DE9A83 /* Debug */ = {
			isa = XCBuildConfiguration;
			buildSettings = {
				ASSETCATALOG_COMPILER_APPICON_NAME = AppIcon;
				ASSETCATALOG_COMPILER_GLOBAL_ACCENT_COLOR_NAME = AccentColor;
				CODE_SIGN_STYLE = Automatic;
				CURRENT_PROJECT_VERSION = 1;
				DEVELOPMENT_TEAM = 7243FC7PX2;
				GENERATE_INFOPLIST_FILE = YES;
				INFOPLIST_FILE = TasksApp/Info.plist;
				INFOPLIST_KEY_UIApplicationSupportsIndirectInputEvents = YES;
				INFOPLIST_KEY_UILaunchStoryboardName = LaunchScreen;
				INFOPLIST_KEY_UISupportedInterfaceOrientations_iPad = "UIInterfaceOrientationPortrait UIInterfaceOrientationPortraitUpsideDown UIInterfaceOrientationLandscapeLeft UIInterfaceOrientationLandscapeRight";
				INFOPLIST_KEY_UISupportedInterfaceOrientations_iPhone = "UIInterfaceOrientationPortrait UIInterfaceOrientationLandscapeLeft UIInterfaceOrientationLandscapeRight";
				LD_RUNPATH_SEARCH_PATHS = (
					"$(inherited)",
					"@executable_path/Frameworks",
				);
				MARKETING_VERSION = 1.0;
				PRODUCT_BUNDLE_IDENTIFIER = com.burak.TasksApp;
				PRODUCT_NAME = "$(TARGET_NAME)";
				SWIFT_EMIT_LOC_STRINGS = YES;
				SWIFT_VERSION = 5.0;
				TARGETED_DEVICE_FAMILY = "1,2";
			};
			name = Debug;
		};
		A1F7499A29DD91D600DE9A83 /* Release */ = {
			isa = XCBuildConfiguration;
			buildSettings = {
				ASSETCATALOG_COMPILER_APPICON_NAME = AppIcon;
				ASSETCATALOG_COMPILER_GLOBAL_ACCENT_COLOR_NAME = AccentColor;
				CODE_SIGN_STYLE = Automatic;
				CURRENT_PROJECT_VERSION = 1;
				DEVELOPMENT_TEAM = 7243FC7PX2;
				GENERATE_INFOPLIST_FILE = YES;
				INFOPLIST_FILE = TasksApp/Info.plist;
				INFOPLIST_KEY_UIApplicationSupportsIndirectInputEvents = YES;
				INFOPLIST_KEY_UILaunchStoryboardName = LaunchScreen;
				INFOPLIST_KEY_UISupportedInterfaceOrientations_iPad = "UIInterfaceOrientationPortrait UIInterfaceOrientationPortraitUpsideDown UIInterfaceOrientationLandscapeLeft UIInterfaceOrientationLandscapeRight";
				INFOPLIST_KEY_UISupportedInterfaceOrientations_iPhone = "UIInterfaceOrientationPortrait UIInterfaceOrientationLandscapeLeft UIInterfaceOrientationLandscapeRight";
				LD_RUNPATH_SEARCH_PATHS = (
					"$(inherited)",
					"@executable_path/Frameworks",
				);
				MARKETING_VERSION = 1.0;
				PRODUCT_BUNDLE_IDENTIFIER = com.burak.TasksApp;
				PRODUCT_NAME = "$(TARGET_NAME)";
				SWIFT_EMIT_LOC_STRINGS = YES;
				SWIFT_VERSION = 5.0;
				TARGETED_DEVICE_FAMILY = "1,2";
			};
			name = Release;
		};
/* End XCBuildConfiguration section */

/* Begin XCConfigurationList section */
		A1F7497F29DD91D500DE9A83 /* Build configuration list for PBXProject "TasksApp" */ = {
			isa = XCConfigurationList;
			buildConfigurations = (
				A1F7499629DD91D600DE9A83 /* Debug */,
				A1F7499729DD91D600DE9A83 /* Release */,
			);
			defaultConfigurationIsVisible = 0;
			defaultConfigurationName = Release;
		};
		A1F7499829DD91D600DE9A83 /* Build configuration list for PBXNativeTarget "TasksApp" */ = {
			isa = XCConfigurationList;
			buildConfigurations = (
				A1F7499929DD91D600DE9A83 /* Debug */,
				A1F7499A29DD91D600DE9A83 /* Release */,
			);
			defaultConfigurationIsVisible = 0;
			defaultConfigurationName = Release;
		};
/* End XCConfigurationList section */

/* Begin XCRemoteSwiftPackageReference section */
		A1F749F029DD9D4700DE9A83 /* XCRemoteSwiftPackageReference "realm-swift" */ = {
			isa = XCRemoteSwiftPackageReference;
			repositoryURL = "https://github.com/realm/realm-swift.git";
			requirement = {
				branch = master;
				kind = branch;
			};
		};
/* End XCRemoteSwiftPackageReference section */

/* Begin XCSwiftPackageProductDependency section */
		A1F749F129DD9D4700DE9A83 /* Realm */ = {
			isa = XCSwiftPackageProductDependency;
			package = A1F749F029DD9D4700DE9A83 /* XCRemoteSwiftPackageReference "realm-swift" */;
			productName = Realm;
		};
		A1F749F329DD9D4700DE9A83 /* RealmSwift */ = {
			isa = XCSwiftPackageProductDependency;
			package = A1F749F029DD9D4700DE9A83 /* XCRemoteSwiftPackageReference "realm-swift" */;
			productName = RealmSwift;
		};
/* End XCSwiftPackageProductDependency section */
	};
	rootObject = A1F7497C29DD91D500DE9A83 /* Project object */;
}
